PODS:
  - BetterTextField (0.1.1)
  - IQKeyboardManager (4.0.3)
  - TouchVisualizer (1.4.0)

DEPENDENCIES:
  - BetterTextField (from `~/Documents/Workspace/BetterTextField`)
  - IQKeyboardManager
  - TouchVisualizer (~> 1.4.0)

EXTERNAL SOURCES:
  BetterTextField:
    :path: "~/Documents/Workspace/BetterTextField"

SPEC CHECKSUMS:
  BetterTextField: cc657825864aaec48780072be0d79b0df31169ec
  IQKeyboardManager: be9695ffc5a52077deb4847608f338771022d6d1
  TouchVisualizer: 44c1a7a6e1b6526df7673f68400072363ecd3bf6

PODFILE CHECKSUM: 9d24cfd8ce34a925f2abfe44294c1ed4c8d3091d

COCOAPODS: 1.0.1
