PODS:
  - BetterTextField (0.5.2)
  - IQKeyboardManager (6.5.6)
  - TouchVisualizer (4.0.0)

DEPENDENCIES:
  - BetterTextField (from `../../`)
  - IQKeyboardManager
  - TouchVisualizer (~> 4.0)

SPEC REPOS:
  trunk:
    - IQKeyboardManager
    - TouchVisualizer

EXTERNAL SOURCES:
  BetterTextField:
    :path: "../../"

SPEC CHECKSUMS:
  BetterTextField: 7e000a8f268e4134765c5bdc05e2ddba67499d17
  IQKeyboardManager: 2a6e97afdafc7becf0cb17a9a8d795e3a980717f
  TouchVisualizer: d342dc3a567b6dd289bc31b7ce8681302a93dfee

PODFILE CHECKSUM: 780a5616d57a28196b47966e36f68ebe19f1f387

COCOAPODS: 1.10.1
